
Microsoft Visual Studio Solution File, Format Version 12.00
# Visual Studio Version 17
VisualStudioVersion = 17.8.34004.107
MinimumVisualStudioVersion = 10.0.40219.1
Project("{9A19103F-16F7-4668-BE54-9A1E7A4F7556}") = "BethanysPieShopHRM.App", "BethanysPieShopHRM.App\BethanysPieShopHRM.App.csproj", "{5F258543-0782-40F5-9A39-169F05C15118}"
EndProject
Project("{9A19103F-16F7-4668-BE54-9A1E7A4F7556}") = "BethanysPieShopHRM.Shared", "..\..\..\Samples\asp-dot-net-core-6-blazor-fundamentals\Assets\m3\BethanysPieShopHRM.Shared\BethanysPieShopHRM.Shared.csproj", "{CF166465-79E3-4A5C-ADBC-BF9AC370F747}"
EndProject
Global
	GlobalSection(SolutionConfigurationPlatforms) = preSolution
		Debug|Any CPU = Debug|Any CPU
		Release|Any CPU = Release|Any CPU
	EndGlobalSection
	GlobalSection(ProjectConfigurationPlatforms) = postSolution
		{5F258543-0782-40F5-9A39-169F05C15118}.Debug|Any CPU.ActiveCfg = Debug|Any CPU
		{5F258543-0782-40F5-9A39-169F05C15118}.Debug|Any CPU.Build.0 = Debug|Any CPU
		{5F258543-0782-40F5-9A39-169F05C15118}.Release|Any CPU.ActiveCfg = Release|Any CPU
		{5F258543-0782-40F5-9A39-169F05C15118}.Release|Any CPU.Build.0 = Release|Any CPU
		{CF166465-79E3-4A5C-ADBC-BF9AC370F747}.Debug|Any CPU.ActiveCfg = Debug|Any CPU
		{CF166465-79E3-4A5C-ADBC-BF9AC370F747}.Debug|Any CPU.Build.0 = Debug|Any CPU
		{CF166465-79E3-4A5C-ADBC-BF9AC370F747}.Release|Any CPU.ActiveCfg = Release|Any CPU
		{CF166465-79E3-4A5C-ADBC-BF9AC370F747}.Release|Any CPU.Build.0 = Release|Any CPU
	EndGlobalSection
	GlobalSection(SolutionProperties) = preSolution
		HideSolutionNode = FALSE
	EndGlobalSection
	GlobalSection(ExtensibilityGlobals) = postSolution
		SolutionGuid = {6ACDF1D1-2754-467D-BEAA-20D553290736}
	EndGlobalSection
EndGlobal
